lockfileVersion: 5.4

specifiers:
  '@types/node': ^18.11.18
  '@types/node-schedule': ^2.1.0
  date-fns: ^2.29.3
  dotenv: ^16.0.3
  grammy: ^1.12.1
  node-schedule: ^2.1.0

dependencies:
  date-fns: 2.29.3
  dotenv: 16.0.3
  grammy: 1.12.1
  node-schedule: 2.1.0

devDependencies:
  '@types/node': 18.11.18
  '@types/node-schedule': 2.1.0

packages:

  /@grammyjs/types/2.10.3:
    resolution: {integrity: sha512-8TG9uiJlPcwFb5fxJ2LdQw0eWKDmHoVYY0vS63vwHb7wJIOmZHPpPfEWKRNtEcc7/e7HHZ5qoxixZ24dPjU3Fg==}
    dev: false

  /@types/node-schedule/2.1.0:
    resolution: {integrity: sha512-NiTwl8YN3v/1YCKrDFSmCTkVxFDylueEqsOFdgF+vPsm+AlyJKGAo5yzX1FiOxPsZiN6/r8gJitYx2EaSuBmmg==}
    dependencies:
      '@types/node': 18.11.18
    dev: true

  /@types/node/18.11.18:
    resolution: {integrity: sha512-DHQpWGjyQKSHj3ebjFI/wRKcqQcdR+MoFBygntYOZytCqNfkd2ZC4ARDJ2DQqhjH5p85Nnd3jhUJIXrszFX/JA==}
    dev: true

  /abort-controller/3.0.0:
    resolution: {integrity: sha512-h8lQ8tacZYnR3vNQTgibj+tODHI5/+l06Au2Pcriv/Gmet0eaj4TwWH41sO9wnHDiQsEj19q0drzdWdeAHtweg==}
    engines: {node: '>=6.5'}
    dependencies:
      event-target-shim: 5.0.1
    dev: false

  /call-bind/1.0.2:
    resolution: {integrity: sha512-7O+FbCihrB5WGbFYesctwmTKae6rOiIzmz1icreWJ+0aA7LJfuqhEso2T9ncpcFtzMQtzXf2QGGueWJGTYsqrA==}
    dependencies:
      function-bind: 1.1.1
      get-intrinsic: 1.1.3
    dev: false

  /cron-parser/3.5.0:
    resolution: {integrity: sha512-wyVZtbRs6qDfFd8ap457w3XVntdvqcwBGxBoTvJQH9KGVKL/fB+h2k3C8AqiVxvUQKN1Ps/Ns46CNViOpVDhfQ==}
    engines: {node: '>=0.8'}
    dependencies:
      is-nan: 1.3.2
      luxon: 1.28.0
    dev: false

  /date-fns/2.29.3:
    resolution: {integrity: sha512-dDCnyH2WnnKusqvZZ6+jA1O51Ibt8ZMRNkDZdyAyK4YfbDwa/cEmuztzG5pk6hqlp9aSBPYcjOlktquahGwGeA==}
    engines: {node: '>=0.11'}
    dev: false

  /debug/4.3.4:
    resolution: {integrity: sha512-PRWFHuSU3eDtQJPvnNY7Jcket1j0t5OuOsFzPPzsekD52Zl8qUfFIPEiswXqIvHWGVHOgX+7G/vCNNhehwxfkQ==}
    engines: {node: '>=6.0'}
    peerDependencies:
      supports-color: '*'
    peerDependenciesMeta:
      supports-color:
        optional: true
    dependencies:
      ms: 2.1.2
    dev: false

  /define-properties/1.1.4:
    resolution: {integrity: sha512-uckOqKcfaVvtBdsVkdPv3XjveQJsNQqmhXgRi8uhvWWuPYZCNlzT8qAyblUgNoXdHdjMTzAqeGjAoli8f+bzPA==}
    engines: {node: '>= 0.4'}
    dependencies:
      has-property-descriptors: 1.0.0
      object-keys: 1.1.1
    dev: false

  /dotenv/16.0.3:
    resolution: {integrity: sha512-7GO6HghkA5fYG9TYnNxi14/7K9f5occMlp3zXAuSxn7CKCxt9xbNWG7yF8hTCSUchlfWSe3uLmlPfigevRItzQ==}
    engines: {node: '>=12'}
    dev: false

  /event-target-shim/5.0.1:
    resolution: {integrity: sha512-i/2XbnSz/uxRCU6+NdVJgKWDTM427+MqYbkQzD321DuCQJUqOuJKIA0IM2+W2xtYHdKOmZ4dR6fExsd4SXL+WQ==}
    engines: {node: '>=6'}
    dev: false

  /function-bind/1.1.1:
    resolution: {integrity: sha512-yIovAzMX49sF8Yl58fSCWJ5svSLuaibPxXQJFLmBObTuCr0Mf1KiPopGM9NiFjiYBCbfaa2Fh6breQ6ANVTI0A==}
    dev: false

  /get-intrinsic/1.1.3:
    resolution: {integrity: sha512-QJVz1Tj7MS099PevUG5jvnt9tSkXN8K14dxQlikJuPt4uD9hHAHjLyLBiLR5zELelBdD9QNRAXZzsJx0WaDL9A==}
    dependencies:
      function-bind: 1.1.1
      has: 1.0.3
      has-symbols: 1.0.3
    dev: false

  /grammy/1.12.1:
    resolution: {integrity: sha512-pnAVs5ZqA4Dfby+JUDIzcq5xgRZm1qDKveU/kQyt31Ln19NF0PgUooczQ1AiTUTC8Yv/et9Ok8R2BiQcskoJew==}
    engines: {node: ^12.20.0 || >=14.13.1}
    dependencies:
      '@grammyjs/types': 2.10.3
      abort-controller: 3.0.0
      debug: 4.3.4
      node-fetch: 2.6.7
    transitivePeerDependencies:
      - encoding
      - supports-color
    dev: false

  /has-property-descriptors/1.0.0:
    resolution: {integrity: sha512-62DVLZGoiEBDHQyqG4w9xCuZ7eJEwNmJRWw2VY84Oedb7WFcA27fiEVe8oUQx9hAUJ4ekurquucTGwsyO1XGdQ==}
    dependencies:
      get-intrinsic: 1.1.3
    dev: false

  /has-symbols/1.0.3:
    resolution: {integrity: sha512-l3LCuF6MgDNwTDKkdYGEihYjt5pRPbEg46rtlmnSPlUbgmB8LOIrKJbYYFBSbnPaJexMKtiPO8hmeRjRz2Td+A==}
    engines: {node: '>= 0.4'}
    dev: false

  /has/1.0.3:
    resolution: {integrity: sha512-f2dvO0VU6Oej7RkWJGrehjbzMAjFp5/VKPp5tTpWIV4JHHZK1/BxbFRtf/siA2SWTe09caDmVtYYzWEIbBS4zw==}
    engines: {node: '>= 0.4.0'}
    dependencies:
      function-bind: 1.1.1
    dev: false

  /is-nan/1.3.2:
    resolution: {integrity: sha512-E+zBKpQ2t6MEo1VsonYmluk9NxGrbzpeeLC2xIViuO2EjU2xsXsBPwTr3Ykv9l08UYEVEdWeRZNouaZqF6RN0w==}
    engines: {node: '>= 0.4'}
    dependencies:
      call-bind: 1.0.2
      define-properties: 1.1.4
    dev: false

  /long-timeout/0.1.1:
    resolution: {integrity: sha512-BFRuQUqc7x2NWxfJBCyUrN8iYUYznzL9JROmRz1gZ6KlOIgmoD+njPVbb+VNn2nGMKggMsK79iUNErillsrx7w==}
    dev: false

  /luxon/1.28.0:
    resolution: {integrity: sha512-TfTiyvZhwBYM/7QdAVDh+7dBTBA29v4ik0Ce9zda3Mnf8on1S5KJI8P2jKFZ8+5C0jhmr0KwJEO/Wdpm0VeWJQ==}
    dev: false

  /ms/2.1.2:
    resolution: {integrity: sha512-sGkPx+VjMtmA6MX27oA4FBFELFCZZ4S4XqeGOXCv68tT+jb3vk/RyaKWP0PTKyWtmLSM0b+adUTEvbs1PEaH2w==}
    dev: false

  /node-fetch/2.6.7:
    resolution: {integrity: sha512-ZjMPFEfVx5j+y2yF35Kzx5sF7kDzxuDj6ziH4FFbOp87zKDZNx8yExJIb05OGF4Nlt9IHFIMBkRl41VdvcNdbQ==}
    engines: {node: 4.x || >=6.0.0}
    peerDependencies:
      encoding: ^0.1.0
    peerDependenciesMeta:
      encoding:
        optional: true
    dependencies:
      whatwg-url: 5.0.0
    dev: false

  /node-schedule/2.1.0:
    resolution: {integrity: sha512-nl4JTiZ7ZQDc97MmpTq9BQjYhq7gOtoh7SiPH069gBFBj0PzD8HI7zyFs6rzqL8Y5tTiEEYLxgtbx034YPrbyQ==}
    engines: {node: '>=6'}
    dependencies:
      cron-parser: 3.5.0
      long-timeout: 0.1.1
      sorted-array-functions: 1.3.0
    dev: false

  /object-keys/1.1.1:
    resolution: {integrity: sha512-NuAESUOUMrlIXOfHKzD6bpPu3tYt3xvjNdRIQ+FeT0lNb4K8WR70CaDxhuNguS2XG+GjkyMwOzsN5ZktImfhLA==}
    engines: {node: '>= 0.4'}
    dev: false

  /sorted-array-functions/1.3.0:
    resolution: {integrity: sha512-2sqgzeFlid6N4Z2fUQ1cvFmTOLRi/sEDzSQ0OKYchqgoPmQBVyM3959qYx3fpS6Esef80KjmpgPeEr028dP3OA==}
    dev: false

  /tr46/0.0.3:
    resolution: {integrity: sha512-N3WMsuqV66lT30CrXNbEjx4GEwlow3v6rr4mCcv6prnfwhS01rkgyFdjPNBYd9br7LpXV1+Emh01fHnq2Gdgrw==}
    dev: false

  /webidl-conversions/3.0.1:
    resolution: {integrity: sha512-2JAn3z8AR6rjK8Sm8orRC0h/bcl/DqL7tRPdGZ4I1CjdF+EaMLmYxBHyXuKL849eucPFhvBoxMsflfOb8kxaeQ==}
    dev: false

  /whatwg-url/5.0.0:
    resolution: {integrity: sha512-saE57nupxk6v3HY35+jzBwYa0rKSy0XR8JSxZPwgLr7ys0IBzhGviA1/TUGJLmSVqs8pb9AnvICXEuOHLprYTw==}
    dependencies:
      tr46: 0.0.3
      webidl-conversions: 3.0.1
    dev: false
